
Microsoft Visual Studio Solution File, Format Version 12.00
# Visual Studio Version 16
VisualStudioVersion = 16.0.33529.622
MinimumVisualStudioVersion = 10.0.40219.1
Project("{8BC9CEB8-8B4A-11D0-8D11-00A0C91BC942}") = "Example 7.04", "Example 7.04\Example 7.04.vcxproj", "{8B331F1F-38D7-4EC7-96B7-40F43F0C682C}"
EndProject
Global
	GlobalSection(SolutionConfigurationPlatforms) = preSolution
		Debug|x64 = Debug|x64
		Debug|x86 = Debug|x86
		Release|x64 = Release|x64
		Release|x86 = Release|x86
	EndGlobalSection
	GlobalSection(ProjectConfigurationPlatforms) = postSolution
		{8B331F1F-38D7-4EC7-96B7-40F43F0C682C}.Debug|x64.ActiveCfg = Debug|x64
		{8B331F1F-38D7-4EC7-96B7-40F43F0C682C}.Debug|x64.Build.0 = Debug|x64
		{8B331F1F-38D7-4EC7-96B7-40F43F0C682C}.Debug|x86.ActiveCfg = Debug|Win32
		{8B331F1F-38D7-4EC7-96B7-40F43F0C682C}.Debug|x86.Build.0 = Debug|Win32
		{8B331F1F-38D7-4EC7-96B7-40F43F0C682C}.Release|x64.ActiveCfg = Release|x64
		{8B331F1F-38D7-4EC7-96B7-40F43F0C682C}.Release|x64.Build.0 = Release|x64
		{8B331F1F-38D7-4EC7-96B7-40F43F0C682C}.Release|x86.ActiveCfg = Release|Win32
		{8B331F1F-38D7-4EC7-96B7-40F43F0C682C}.Release|x86.Build.0 = Release|Win32
	EndGlobalSection
	GlobalSection(SolutionProperties) = preSolution
		HideSolutionNode = FALSE
	EndGlobalSection
	GlobalSection(ExtensibilityGlobals) = postSolution
		SolutionGuid = {02C7157E-24E2-4F4C-B30A-7FE2540068D8}
	EndGlobalSection
EndGlobal
