
Microsoft Visual Studio Solution File, Format Version 12.00
# Visual Studio Version 16
VisualStudioVersion = 16.0.33529.622
MinimumVisualStudioVersion = 10.0.40219.1
Project("{8BC9CEB8-8B4A-11D0-8D11-00A0C91BC942}") = "Example 4.11", "Example 4.11\Example 4.11.vcxproj", "{844FC67D-3820-4F45-950B-9C51CA32D34C}"
EndProject
Global
	GlobalSection(SolutionConfigurationPlatforms) = preSolution
		Debug|x64 = Debug|x64
		Debug|x86 = Debug|x86
		Release|x64 = Release|x64
		Release|x86 = Release|x86
	EndGlobalSection
	GlobalSection(ProjectConfigurationPlatforms) = postSolution
		{844FC67D-3820-4F45-950B-9C51CA32D34C}.Debug|x64.ActiveCfg = Debug|x64
		{844FC67D-3820-4F45-950B-9C51CA32D34C}.Debug|x64.Build.0 = Debug|x64
		{844FC67D-3820-4F45-950B-9C51CA32D34C}.Debug|x86.ActiveCfg = Debug|Win32
		{844FC67D-3820-4F45-950B-9C51CA32D34C}.Debug|x86.Build.0 = Debug|Win32
		{844FC67D-3820-4F45-950B-9C51CA32D34C}.Release|x64.ActiveCfg = Release|x64
		{844FC67D-3820-4F45-950B-9C51CA32D34C}.Release|x64.Build.0 = Release|x64
		{844FC67D-3820-4F45-950B-9C51CA32D34C}.Release|x86.ActiveCfg = Release|Win32
		{844FC67D-3820-4F45-950B-9C51CA32D34C}.Release|x86.Build.0 = Release|Win32
	EndGlobalSection
	GlobalSection(SolutionProperties) = preSolution
		HideSolutionNode = FALSE
	EndGlobalSection
	GlobalSection(ExtensibilityGlobals) = postSolution
		SolutionGuid = {1C032B11-1DE9-47B6-BA73-A00F014FA029}
	EndGlobalSection
EndGlobal
