
Microsoft Visual Studio Solution File, Format Version 12.00
# Visual Studio Version 16
VisualStudioVersion = 16.0.33529.622
MinimumVisualStudioVersion = 10.0.40219.1
Project("{8BC9CEB8-8B4A-11D0-8D11-00A0C91BC942}") = "Example 11.01", "Example 11.01\Example 11.01.vcxproj", "{ECA42E60-98E2-4F07-944B-86C8DAD97A9A}"
EndProject
Global
	GlobalSection(SolutionConfigurationPlatforms) = preSolution
		Debug|x64 = Debug|x64
		Debug|x86 = Debug|x86
		Release|x64 = Release|x64
		Release|x86 = Release|x86
	EndGlobalSection
	GlobalSection(ProjectConfigurationPlatforms) = postSolution
		{ECA42E60-98E2-4F07-944B-86C8DAD97A9A}.Debug|x64.ActiveCfg = Debug|x64
		{ECA42E60-98E2-4F07-944B-86C8DAD97A9A}.Debug|x64.Build.0 = Debug|x64
		{ECA42E60-98E2-4F07-944B-86C8DAD97A9A}.Debug|x86.ActiveCfg = Debug|Win32
		{ECA42E60-98E2-4F07-944B-86C8DAD97A9A}.Debug|x86.Build.0 = Debug|Win32
		{ECA42E60-98E2-4F07-944B-86C8DAD97A9A}.Release|x64.ActiveCfg = Release|x64
		{ECA42E60-98E2-4F07-944B-86C8DAD97A9A}.Release|x64.Build.0 = Release|x64
		{ECA42E60-98E2-4F07-944B-86C8DAD97A9A}.Release|x86.ActiveCfg = Release|Win32
		{ECA42E60-98E2-4F07-944B-86C8DAD97A9A}.Release|x86.Build.0 = Release|Win32
	EndGlobalSection
	GlobalSection(SolutionProperties) = preSolution
		HideSolutionNode = FALSE
	EndGlobalSection
	GlobalSection(ExtensibilityGlobals) = postSolution
		SolutionGuid = {9F665C30-2C15-4BFC-89E2-0D37E2859417}
	EndGlobalSection
EndGlobal
