
Microsoft Visual Studio Solution File, Format Version 12.00
# Visual Studio Version 16
VisualStudioVersion = 16.0.33529.622
MinimumVisualStudioVersion = 10.0.40219.1
Project("{8BC9CEB8-8B4A-11D0-8D11-00A0C91BC942}") = "Example 4.13", "Example 4.13\Example 4.13.vcxproj", "{AB78AF9F-47A6-45C0-813D-38E08E3E86EC}"
EndProject
Global
	GlobalSection(SolutionConfigurationPlatforms) = preSolution
		Debug|x64 = Debug|x64
		Debug|x86 = Debug|x86
		Release|x64 = Release|x64
		Release|x86 = Release|x86
	EndGlobalSection
	GlobalSection(ProjectConfigurationPlatforms) = postSolution
		{AB78AF9F-47A6-45C0-813D-38E08E3E86EC}.Debug|x64.ActiveCfg = Debug|x64
		{AB78AF9F-47A6-45C0-813D-38E08E3E86EC}.Debug|x64.Build.0 = Debug|x64
		{AB78AF9F-47A6-45C0-813D-38E08E3E86EC}.Debug|x86.ActiveCfg = Debug|Win32
		{AB78AF9F-47A6-45C0-813D-38E08E3E86EC}.Debug|x86.Build.0 = Debug|Win32
		{AB78AF9F-47A6-45C0-813D-38E08E3E86EC}.Release|x64.ActiveCfg = Release|x64
		{AB78AF9F-47A6-45C0-813D-38E08E3E86EC}.Release|x64.Build.0 = Release|x64
		{AB78AF9F-47A6-45C0-813D-38E08E3E86EC}.Release|x86.ActiveCfg = Release|Win32
		{AB78AF9F-47A6-45C0-813D-38E08E3E86EC}.Release|x86.Build.0 = Release|Win32
	EndGlobalSection
	GlobalSection(SolutionProperties) = preSolution
		HideSolutionNode = FALSE
	EndGlobalSection
	GlobalSection(ExtensibilityGlobals) = postSolution
		SolutionGuid = {DC3FD6D6-D4FC-4F49-BD52-D55D343BD7EC}
	EndGlobalSection
EndGlobal
